{
  "originHash" : "7a277751a8caf86026290d47873ec8ad47f979f05f17f2fe40bb62598a92daa8",
  "pins" : [
    {
      "identity" : "capacitor-swift-pm",
      "kind" : "remoteSourceControl",
      "location" : "https://github.com/ionic-team/capacitor-swift-pm.git",
      "state" : {
        "revision" : "9b9fb0af76b2b653f6e9b999f658adc132b9ab4c",
        "version" : "8.4.2"
      }
    }
  ],
  "version" : 3
}
